schema: '2.0'
stages:
  data_ingestion:
    cmd: python src/data/data_ingestion.py
    deps:
    - path: src/data/data_ingestion.py
      hash: md5
      md5: ee08a4c31ae467cebbcce70b5cc5491a
      size: 3545
    params:
      params.yaml:
        data_ingestion.test_size: 0.3
    outs:
    - path: data/raw
      hash: md5
      md5: 03b3b604b1f92a17191a7fc947e576d6.dir
      size: 827973
      nfiles: 2
  data_preprocessing:
    cmd: python src/data/data_preprocessing.py
    deps:
    - path: data/raw
      hash: md5
      md5: 03b3b604b1f92a17191a7fc947e576d6.dir
      size: 827973
      nfiles: 2
    - path: src/data/data_preprocessing.py
      hash: md5
      md5: c1e18bf95fcc1e3d80cae9ee7c4a6383
      size: 4014
    outs:
    - path: data/interim
      hash: md5
      md5: 5dc0cd6aef8578eb36f1b67dc4d67723.dir
      size: 566210
      nfiles: 2
  feature_engineering:
    cmd: python src/features/feature_engineering.py
    deps:
    - path: data/interim
      hash: md5
      md5: 5dc0cd6aef8578eb36f1b67dc4d67723.dir
      size: 566210
      nfiles: 2
    - path: src/features/feature_engineering.py
      hash: md5
      md5: c1888aef256c204017522c2ce5fd36a0
      size: 3883
    params:
      params.yaml:
        feature_engineering.max_features: 3000
    outs:
    - path: data/processed
      hash: md5
      md5: 845c1ce42441afcd9ebc932ba13b69c0.dir
      size: 62302916
      nfiles: 2
    - path: models/vectorizer.pkl
      hash: md5
      md5: 24b4dda90e3bd3df53135c94ad1dc065
      size: 83079
  model_building:
    cmd: python src/model/model_building.py
    deps:
    - path: data/processed
      hash: md5
      md5: 845c1ce42441afcd9ebc932ba13b69c0.dir
      size: 62302916
      nfiles: 2
    - path: src/model/model_building.py
      hash: md5
      md5: 809681a98d52938b43c9befd0b00a422
      size: 2373
    outs:
    - path: models/model.pkl
      hash: md5
      md5: 294cc9eb7d5b0e6a1cdc1b4ab4154d6a
      size: 24698
  model_evaluation:
    cmd: python src/model/model_evaluation.py
    deps:
    - path: models/model.pkl
      hash: md5
      md5: 294cc9eb7d5b0e6a1cdc1b4ab4154d6a
      size: 24698
    - path: src/model/model_evaluation.py
      hash: md5
      md5: 5dd2010099d7998afa0db97e90a02f63
      size: 5668
    outs:
    - path: reports/experiment_info.json
      hash: md5
      md5: 96a0482639bc7f80853479678a640598
      size: 85
    - path: reports/metrics.json
      hash: md5
      md5: 7f8bdd11e957eee0e5b136b6f421dd1d
      size: 145
  model_registration:
    cmd: python src/model/register_model.py
    deps:
    - path: reports/experiment_info.json
      hash: md5
      md5: 96a0482639bc7f80853479678a640598
      size: 85
    - path: src/model/register_model.py
      hash: md5
      md5: d7efd73e0e6e78153746b6acd651b944
      size: 3186
